
Microsoft Visual Studio Solution File, Format Version 12.00
# Visual Studio Version 17
VisualStudioVersion = 17.1.32210.238
MinimumVisualStudioVersion = 10.0.40219.1
Project("{FAE04EC0-301F-11D3-BF4B-00C04F79EFBC}") = "OGF tool", "OGF tool\OGF tool.csproj", "{02F33C82-43EE-4A2D-962A-74C3CA6A4FBC}"
EndProject
Project("{8BC9CEB8-8B4A-11D0-8D11-00A0C91BC942}") = "converter", "OGF tool\converter\project\converter.vcxproj", "{251A6DE4-30F3-43A4-8315-AB4E306BD58D}"
EndProject
Project("{2150E333-8FDC-42A3-9474-1A3956D46DE8}") = "BearBundle", "BearBundle", "{C6C44718-88DF-4169-A87A-39F1711A491A}"
EndProject
Project("{8BC9CEB8-8B4A-11D0-8D11-00A0C91BC942}") = "BearCore", "BearBundle\BearCore\Platform\Desktop\BearCore.vcxproj", "{86B65138-C85E-4C26-967B-9A21EB954216}"
EndProject
Project("{8BC9CEB8-8B4A-11D0-8D11-00A0C91BC942}") = "BearGraphics", "BearBundle\BearGraphics\Platform\Desktop\BearGraphics.vcxproj", "{3B75536D-008D-4495-9FE8-C7AE79AC6898}"
EndProject
Project("{8BC9CEB8-8B4A-11D0-8D11-00A0C91BC942}") = "IntelCompressor", "BearBundle\External\IntelCompressor\IntelCompressor.vcxproj", "{4C532527-AB2E-4D93-8B18-F5EB3A0980D3}"
EndProject
Project("{8BC9CEB8-8B4A-11D0-8D11-00A0C91BC942}") = "lzo", "BearBundle\External\lzo\lzo.vcxproj", "{C9135C7E-B0E9-4118-B23E-3E10312BBD4E}"
EndProject
Project("{8BC9CEB8-8B4A-11D0-8D11-00A0C91BC942}") = "nvtt", "BearBundle\External\nvtt\nvtt.vcxproj", "{D690A5A2-745F-4F72-80FC-5586FF0B32E2}"
EndProject
Project("{8BC9CEB8-8B4A-11D0-8D11-00A0C91BC942}") = "tinyxml", "BearBundle\External\tinyxml\tinyxml.vcxproj", "{1A12288A-CB9A-43FD-BDA5-BF903AF5B600}"
EndProject
Project("{8BC9CEB8-8B4A-11D0-8D11-00A0C91BC942}") = "zlib", "BearBundle\External\zlib\zlib.vcxproj", "{86D28925-9F85-43EC-980E-E99D7FF2501C}"
EndProject
Project("{8BC9CEB8-8B4A-11D0-8D11-00A0C91BC942}") = "TextureConverter", "TextureConverter\TextureConverter.vcxproj", "{3333600A-E906-4581-BD0F-81DED38ECE71}"
EndProject
Global
	GlobalSection(SolutionConfigurationPlatforms) = preSolution
		Debug|Any CPU = Debug|Any CPU
		Debug|x64 = Debug|x64
		Debug|x86 = Debug|x86
		Release|Any CPU = Release|Any CPU
		Release|x64 = Release|x64
		Release|x86 = Release|x86
	EndGlobalSection
	GlobalSection(ProjectConfigurationPlatforms) = postSolution
		{02F33C82-43EE-4A2D-962A-74C3CA6A4FBC}.Debug|Any CPU.ActiveCfg = Debug|Any CPU
		{02F33C82-43EE-4A2D-962A-74C3CA6A4FBC}.Debug|Any CPU.Build.0 = Debug|Any CPU
		{02F33C82-43EE-4A2D-962A-74C3CA6A4FBC}.Debug|x64.ActiveCfg = Debug|x64
		{02F33C82-43EE-4A2D-962A-74C3CA6A4FBC}.Debug|x64.Build.0 = Debug|x64
		{02F33C82-43EE-4A2D-962A-74C3CA6A4FBC}.Debug|x86.ActiveCfg = Debug|Any CPU
		{02F33C82-43EE-4A2D-962A-74C3CA6A4FBC}.Debug|x86.Build.0 = Debug|Any CPU
		{02F33C82-43EE-4A2D-962A-74C3CA6A4FBC}.Release|Any CPU.ActiveCfg = Release|Any CPU
		{02F33C82-43EE-4A2D-962A-74C3CA6A4FBC}.Release|Any CPU.Build.0 = Release|Any CPU
		{02F33C82-43EE-4A2D-962A-74C3CA6A4FBC}.Release|x64.ActiveCfg = Release|x64
		{02F33C82-43EE-4A2D-962A-74C3CA6A4FBC}.Release|x64.Build.0 = Release|x64
		{02F33C82-43EE-4A2D-962A-74C3CA6A4FBC}.Release|x86.ActiveCfg = Release|Any CPU
		{02F33C82-43EE-4A2D-962A-74C3CA6A4FBC}.Release|x86.Build.0 = Release|Any CPU
		{251A6DE4-30F3-43A4-8315-AB4E306BD58D}.Debug|Any CPU.ActiveCfg = Debug|x64
		{251A6DE4-30F3-43A4-8315-AB4E306BD58D}.Debug|Any CPU.Build.0 = Debug|x64
		{251A6DE4-30F3-43A4-8315-AB4E306BD58D}.Debug|x64.ActiveCfg = Debug|x64
		{251A6DE4-30F3-43A4-8315-AB4E306BD58D}.Debug|x64.Build.0 = Debug|x64
		{251A6DE4-30F3-43A4-8315-AB4E306BD58D}.Debug|x86.ActiveCfg = Debug|Win32
		{251A6DE4-30F3-43A4-8315-AB4E306BD58D}.Debug|x86.Build.0 = Debug|Win32
		{251A6DE4-30F3-43A4-8315-AB4E306BD58D}.Release|Any CPU.ActiveCfg = Release|x64
		{251A6DE4-30F3-43A4-8315-AB4E306BD58D}.Release|Any CPU.Build.0 = Release|x64
		{251A6DE4-30F3-43A4-8315-AB4E306BD58D}.Release|x64.ActiveCfg = Release|x64
		{251A6DE4-30F3-43A4-8315-AB4E306BD58D}.Release|x64.Build.0 = Release|x64
		{251A6DE4-30F3-43A4-8315-AB4E306BD58D}.Release|x86.ActiveCfg = Release|Win32
		{251A6DE4-30F3-43A4-8315-AB4E306BD58D}.Release|x86.Build.0 = Release|Win32
		{86B65138-C85E-4C26-967B-9A21EB954216}.Debug|Any CPU.ActiveCfg = Debug|x64
		{86B65138-C85E-4C26-967B-9A21EB954216}.Debug|Any CPU.Build.0 = Debug|x64
		{86B65138-C85E-4C26-967B-9A21EB954216}.Debug|x64.ActiveCfg = Debug|x64
		{86B65138-C85E-4C26-967B-9A21EB954216}.Debug|x64.Build.0 = Debug|x64
		{86B65138-C85E-4C26-967B-9A21EB954216}.Debug|x86.ActiveCfg = Debug|Win32
		{86B65138-C85E-4C26-967B-9A21EB954216}.Debug|x86.Build.0 = Debug|Win32
		{86B65138-C85E-4C26-967B-9A21EB954216}.Release|Any CPU.ActiveCfg = Release|x64
		{86B65138-C85E-4C26-967B-9A21EB954216}.Release|Any CPU.Build.0 = Release|x64
		{86B65138-C85E-4C26-967B-9A21EB954216}.Release|x64.ActiveCfg = Release|x64
		{86B65138-C85E-4C26-967B-9A21EB954216}.Release|x64.Build.0 = Release|x64
		{86B65138-C85E-4C26-967B-9A21EB954216}.Release|x86.ActiveCfg = Release|Win32
		{86B65138-C85E-4C26-967B-9A21EB954216}.Release|x86.Build.0 = Release|Win32
		{3B75536D-008D-4495-9FE8-C7AE79AC6898}.Debug|Any CPU.ActiveCfg = Debug|x64
		{3B75536D-008D-4495-9FE8-C7AE79AC6898}.Debug|Any CPU.Build.0 = Debug|x64
		{3B75536D-008D-4495-9FE8-C7AE79AC6898}.Debug|x64.ActiveCfg = Debug|x64
		{3B75536D-008D-4495-9FE8-C7AE79AC6898}.Debug|x64.Build.0 = Debug|x64
		{3B75536D-008D-4495-9FE8-C7AE79AC6898}.Debug|x86.ActiveCfg = Debug|Win32
		{3B75536D-008D-4495-9FE8-C7AE79AC6898}.Debug|x86.Build.0 = Debug|Win32
		{3B75536D-008D-4495-9FE8-C7AE79AC6898}.Release|Any CPU.ActiveCfg = Release|x64
		{3B75536D-008D-4495-9FE8-C7AE79AC6898}.Release|Any CPU.Build.0 = Release|x64
		{3B75536D-008D-4495-9FE8-C7AE79AC6898}.Release|x64.ActiveCfg = Release|x64
		{3B75536D-008D-4495-9FE8-C7AE79AC6898}.Release|x64.Build.0 = Release|x64
		{3B75536D-008D-4495-9FE8-C7AE79AC6898}.Release|x86.ActiveCfg = Release|Win32
		{3B75536D-008D-4495-9FE8-C7AE79AC6898}.Release|x86.Build.0 = Release|Win32
		{4C532527-AB2E-4D93-8B18-F5EB3A0980D3}.Debug|Any CPU.ActiveCfg = Debug|x64
		{4C532527-AB2E-4D93-8B18-F5EB3A0980D3}.Debug|Any CPU.Build.0 = Debug|x64
		{4C532527-AB2E-4D93-8B18-F5EB3A0980D3}.Debug|x64.ActiveCfg = Debug|x64
		{4C532527-AB2E-4D93-8B18-F5EB3A0980D3}.Debug|x64.Build.0 = Debug|x64
		{4C532527-AB2E-4D93-8B18-F5EB3A0980D3}.Debug|x86.ActiveCfg = Debug|Win32
		{4C532527-AB2E-4D93-8B18-F5EB3A0980D3}.Debug|x86.Build.0 = Debug|Win32
		{4C532527-AB2E-4D93-8B18-F5EB3A0980D3}.Release|Any CPU.ActiveCfg = Release|x64
		{4C532527-AB2E-4D93-8B18-F5EB3A0980D3}.Release|Any CPU.Build.0 = Release|x64
		{4C532527-AB2E-4D93-8B18-F5EB3A0980D3}.Release|x64.ActiveCfg = Release|x64
		{4C532527-AB2E-4D93-8B18-F5EB3A0980D3}.Release|x64.Build.0 = Release|x64
		{4C532527-AB2E-4D93-8B18-F5EB3A0980D3}.Release|x86.ActiveCfg = Release|Win32
		{4C532527-AB2E-4D93-8B18-F5EB3A0980D3}.Release|x86.Build.0 = Release|Win32
		{C9135C7E-B0E9-4118-B23E-3E10312BBD4E}.Debug|Any CPU.ActiveCfg = Debug|x64
		{C9135C7E-B0E9-4118-B23E-3E10312BBD4E}.Debug|Any CPU.Build.0 = Debug|x64
		{C9135C7E-B0E9-4118-B23E-3E10312BBD4E}.Debug|x64.ActiveCfg = Debug|x64
		{C9135C7E-B0E9-4118-B23E-3E10312BBD4E}.Debug|x64.Build.0 = Debug|x64
		{C9135C7E-B0E9-4118-B23E-3E10312BBD4E}.Debug|x86.ActiveCfg = Debug|Win32
		{C9135C7E-B0E9-4118-B23E-3E10312BBD4E}.Debug|x86.Build.0 = Debug|Win32
		{C9135C7E-B0E9-4118-B23E-3E10312BBD4E}.Release|Any CPU.ActiveCfg = Release|x64
		{C9135C7E-B0E9-4118-B23E-3E10312BBD4E}.Release|Any CPU.Build.0 = Release|x64
		{C9135C7E-B0E9-4118-B23E-3E10312BBD4E}.Release|x64.ActiveCfg = Release|x64
		{C9135C7E-B0E9-4118-B23E-3E10312BBD4E}.Release|x64.Build.0 = Release|x64
		{C9135C7E-B0E9-4118-B23E-3E10312BBD4E}.Release|x86.ActiveCfg = Release|Win32
		{C9135C7E-B0E9-4118-B23E-3E10312BBD4E}.Release|x86.Build.0 = Release|Win32
		{D690A5A2-745F-4F72-80FC-5586FF0B32E2}.Debug|Any CPU.ActiveCfg = Debug|x64
		{D690A5A2-745F-4F72-80FC-5586FF0B32E2}.Debug|Any CPU.Build.0 = Debug|x64
		{D690A5A2-745F-4F72-80FC-5586FF0B32E2}.Debug|x64.ActiveCfg = Debug|x64
		{D690A5A2-745F-4F72-80FC-5586FF0B32E2}.Debug|x64.Build.0 = Debug|x64
		{D690A5A2-745F-4F72-80FC-5586FF0B32E2}.Debug|x86.ActiveCfg = Debug|Win32
		{D690A5A2-745F-4F72-80FC-5586FF0B32E2}.Debug|x86.Build.0 = Debug|Win32
		{D690A5A2-745F-4F72-80FC-5586FF0B32E2}.Release|Any CPU.ActiveCfg = Release|x64
		{D690A5A2-745F-4F72-80FC-5586FF0B32E2}.Release|Any CPU.Build.0 = Release|x64
		{D690A5A2-745F-4F72-80FC-5586FF0B32E2}.Release|x64.ActiveCfg = Release|x64
		{D690A5A2-745F-4F72-80FC-5586FF0B32E2}.Release|x64.Build.0 = Release|x64
		{D690A5A2-745F-4F72-80FC-5586FF0B32E2}.Release|x86.ActiveCfg = Release|Win32
		{D690A5A2-745F-4F72-80FC-5586FF0B32E2}.Release|x86.Build.0 = Release|Win32
		{1A12288A-CB9A-43FD-BDA5-BF903AF5B600}.Debug|Any CPU.ActiveCfg = Debug|x64
		{1A12288A-CB9A-43FD-BDA5-BF903AF5B600}.Debug|Any CPU.Build.0 = Debug|x64
		{1A12288A-CB9A-43FD-BDA5-BF903AF5B600}.Debug|x64.ActiveCfg = Debug|x64
		{1A12288A-CB9A-43FD-BDA5-BF903AF5B600}.Debug|x64.Build.0 = Debug|x64
		{1A12288A-CB9A-43FD-BDA5-BF903AF5B600}.Debug|x86.ActiveCfg = Debug|Win32
		{1A12288A-CB9A-43FD-BDA5-BF903AF5B600}.Debug|x86.Build.0 = Debug|Win32
		{1A12288A-CB9A-43FD-BDA5-BF903AF5B600}.Release|Any CPU.ActiveCfg = Release|x64
		{1A12288A-CB9A-43FD-BDA5-BF903AF5B600}.Release|Any CPU.Build.0 = Release|x64
		{1A12288A-CB9A-43FD-BDA5-BF903AF5B600}.Release|x64.ActiveCfg = Release|x64
		{1A12288A-CB9A-43FD-BDA5-BF903AF5B600}.Release|x64.Build.0 = Release|x64
		{1A12288A-CB9A-43FD-BDA5-BF903AF5B600}.Release|x86.ActiveCfg = Release|Win32
		{1A12288A-CB9A-43FD-BDA5-BF903AF5B600}.Release|x86.Build.0 = Release|Win32
		{86D28925-9F85-43EC-980E-E99D7FF2501C}.Debug|Any CPU.ActiveCfg = Debug|x64
		{86D28925-9F85-43EC-980E-E99D7FF2501C}.Debug|Any CPU.Build.0 = Debug|x64
		{86D28925-9F85-43EC-980E-E99D7FF2501C}.Debug|x64.ActiveCfg = Debug|x64
		{86D28925-9F85-43EC-980E-E99D7FF2501C}.Debug|x64.Build.0 = Debug|x64
		{86D28925-9F85-43EC-980E-E99D7FF2501C}.Debug|x86.ActiveCfg = Debug|Win32
		{86D28925-9F85-43EC-980E-E99D7FF2501C}.Debug|x86.Build.0 = Debug|Win32
		{86D28925-9F85-43EC-980E-E99D7FF2501C}.Release|Any CPU.ActiveCfg = Release|x64
		{86D28925-9F85-43EC-980E-E99D7FF2501C}.Release|Any CPU.Build.0 = Release|x64
		{86D28925-9F85-43EC-980E-E99D7FF2501C}.Release|x64.ActiveCfg = Release|x64
		{86D28925-9F85-43EC-980E-E99D7FF2501C}.Release|x64.Build.0 = Release|x64
		{86D28925-9F85-43EC-980E-E99D7FF2501C}.Release|x86.ActiveCfg = Release|Win32
		{86D28925-9F85-43EC-980E-E99D7FF2501C}.Release|x86.Build.0 = Release|Win32
		{3333600A-E906-4581-BD0F-81DED38ECE71}.Debug|Any CPU.ActiveCfg = Debug|x64
		{3333600A-E906-4581-BD0F-81DED38ECE71}.Debug|Any CPU.Build.0 = Debug|x64
		{3333600A-E906-4581-BD0F-81DED38ECE71}.Debug|x64.ActiveCfg = Debug|x64
		{3333600A-E906-4581-BD0F-81DED38ECE71}.Debug|x64.Build.0 = Debug|x64
		{3333600A-E906-4581-BD0F-81DED38ECE71}.Debug|x86.ActiveCfg = Debug|Win32
		{3333600A-E906-4581-BD0F-81DED38ECE71}.Debug|x86.Build.0 = Debug|Win32
		{3333600A-E906-4581-BD0F-81DED38ECE71}.Release|Any CPU.ActiveCfg = Release|x64
		{3333600A-E906-4581-BD0F-81DED38ECE71}.Release|Any CPU.Build.0 = Release|x64
		{3333600A-E906-4581-BD0F-81DED38ECE71}.Release|x64.ActiveCfg = Release|x64
		{3333600A-E906-4581-BD0F-81DED38ECE71}.Release|x64.Build.0 = Release|x64
		{3333600A-E906-4581-BD0F-81DED38ECE71}.Release|x86.ActiveCfg = Release|Win32
		{3333600A-E906-4581-BD0F-81DED38ECE71}.Release|x86.Build.0 = Release|Win32
	EndGlobalSection
	GlobalSection(SolutionProperties) = preSolution
		HideSolutionNode = FALSE
	EndGlobalSection
	GlobalSection(NestedProjects) = preSolution
		{86B65138-C85E-4C26-967B-9A21EB954216} = {C6C44718-88DF-4169-A87A-39F1711A491A}
		{3B75536D-008D-4495-9FE8-C7AE79AC6898} = {C6C44718-88DF-4169-A87A-39F1711A491A}
		{4C532527-AB2E-4D93-8B18-F5EB3A0980D3} = {C6C44718-88DF-4169-A87A-39F1711A491A}
		{C9135C7E-B0E9-4118-B23E-3E10312BBD4E} = {C6C44718-88DF-4169-A87A-39F1711A491A}
		{D690A5A2-745F-4F72-80FC-5586FF0B32E2} = {C6C44718-88DF-4169-A87A-39F1711A491A}
		{1A12288A-CB9A-43FD-BDA5-BF903AF5B600} = {C6C44718-88DF-4169-A87A-39F1711A491A}
		{86D28925-9F85-43EC-980E-E99D7FF2501C} = {C6C44718-88DF-4169-A87A-39F1711A491A}
	EndGlobalSection
	GlobalSection(ExtensibilityGlobals) = postSolution
		SolutionGuid = {391A937B-FA00-470C-8C37-8240CAC73A19}
	EndGlobalSection
EndGlobal
