<?xml version="1.0" encoding="utf-8"?>
<Project ToolsVersion="4.0" xmlns="http://schemas.microsoft.com/developer/msbuild/2003">
  <ItemGroup>
    <Filter Include="BearDescription">
      <UniqueIdentifier>{8ae05021-cfcf-49dc-8a47-db2c1d828c68}</UniqueIdentifier>
    </Filter>
    <Filter Include="BearResource">
      <UniqueIdentifier>{113ecfdc-3701-4226-9036-59c3b6e99a43}</UniqueIdentifier>
    </Filter>
    <Filter Include="BearRHI">
      <UniqueIdentifier>{867fbdb3-4f5d-4c64-9215-4d302bb41ff4}</UniqueIdentifier>
    </Filter>
    <Filter Include="BearTemplate">
      <UniqueIdentifier>{95ad801f-acfb-4ad9-b582-5bee97aafb49}</UniqueIdentifier>
    </Filter>
    <Filter Include="BearUtils">
      <UniqueIdentifier>{de721946-2fff-41f7-8d27-29e84eec342f}</UniqueIdentifier>
    </Filter>
    <Filter Include="BearSystem">
      <UniqueIdentifier>{93e2c32d-2740-4e34-82ac-ded0eb9fdb2a}</UniqueIdentifier>
    </Filter>
    <Filter Include="BearDescription\Base">
      <UniqueIdentifier>{dae18a1e-7424-4ba1-835f-9d775e1633b2}</UniqueIdentifier>
    </Filter>
    <Filter Include="BearDescription\RayTracing">
      <UniqueIdentifier>{b51864b7-0761-4428-94e7-7fa8831a1b4a}</UniqueIdentifier>
    </Filter>
  </ItemGroup>
  <ItemGroup>
    <ClCompile Include="..\..\BearDescription\BearDescriptorHeapDescription.cpp">
      <Filter>BearDescription</Filter>
    </ClCompile>
    <ClCompile Include="..\..\BearDescription\BearFrameBufferDescription.cpp">
      <Filter>BearDescription</Filter>
    </ClCompile>
    <ClCompile Include="..\..\BearDescription\BearPipelineGraphicsDescription.cpp">
      <Filter>BearDescription</Filter>
    </ClCompile>
    <ClCompile Include="..\..\BearDescription\BearPipelineMeshDescription.cpp">
      <Filter>BearDescription</Filter>
    </ClCompile>
    <ClCompile Include="..\..\BearResource\BearImage3.cpp">
      <Filter>BearResource</Filter>
    </ClCompile>
    <ClCompile Include="..\..\BearResource\BearImage1.cpp">
      <Filter>BearResource</Filter>
    </ClCompile>
    <ClCompile Include="..\..\BearResource\BearImage2.cpp">
      <Filter>BearResource</Filter>
    </ClCompile>
    <ClCompile Include="..\..\BearRHI\BearTextureUtils.cpp">
      <Filter>BearRHI</Filter>
    </ClCompile>
    <ClCompile Include="..\..\BearRenderStats.cpp" />
    <ClCompile Include="..\..\BearGraphics.PCH.cpp" />
    <ClCompile Include="..\..\BearRenderBase.cpp" />
    <ClCompile Include="..\..\BearRenderInterface.cpp" />
    <ClCompile Include="..\..\BearSystem\BearWindow.cpp">
      <Filter>BearSystem</Filter>
    </ClCompile>
    <ClCompile Include="..\..\BearDescription\RayTracing\BearPipelineRayTracingDescription.cpp">
      <Filter>BearDescription\RayTracing</Filter>
    </ClCompile>
  </ItemGroup>
  <ItemGroup>
    <ClInclude Include="..\..\BearDescription\BearDescriptorHeapDescription.h">
      <Filter>BearDescription</Filter>
    </ClInclude>
    <ClInclude Include="..\..\BearDescription\BearFrameBufferDescription.h">
      <Filter>BearDescription</Filter>
    </ClInclude>
    <ClInclude Include="..\..\BearDescription\BearPipelineGraphicsDescription.h">
      <Filter>BearDescription</Filter>
    </ClInclude>
    <ClInclude Include="..\..\BearDescription\BearPipelineMeshDescription.h">
      <Filter>BearDescription</Filter>
    </ClInclude>
    <ClInclude Include="..\..\BearDescription\BearRenderPassDescription.h">
      <Filter>BearDescription</Filter>
    </ClInclude>
    <ClInclude Include="..\..\BearDescription\BearRootSignatureDescription.h">
      <Filter>BearDescription</Filter>
    </ClInclude>
    <ClInclude Include="..\..\BearDescription\BearSamplerDescription.h">
      <Filter>BearDescription</Filter>
    </ClInclude>
    <ClInclude Include="..\..\BearDescription\BearViewportDescription.h">
      <Filter>BearDescription</Filter>
    </ClInclude>
    <ClInclude Include="..\..\BearResource\dds.h">
      <Filter>BearResource</Filter>
    </ClInclude>
    <ClInclude Include="..\..\BearResource\DXGIFormat.h">
      <Filter>BearResource</Filter>
    </ClInclude>
    <ClInclude Include="..\..\BearResource\BearImage.h">
      <Filter>BearResource</Filter>
    </ClInclude>
    <ClInclude Include="..\..\BearRHI\BearRHIStats.h">
      <Filter>BearRHI</Filter>
    </ClInclude>
    <ClInclude Include="..\..\BearRHI\BearTextureUtils.h">
      <Filter>BearRHI</Filter>
    </ClInclude>
    <ClInclude Include="..\..\BearRHI\BearRHIFactory.h">
      <Filter>BearRHI</Filter>
    </ClInclude>
    <ClInclude Include="..\..\BearRHI\BearRHIObject.h">
      <Filter>BearRHI</Filter>
    </ClInclude>
    <ClInclude Include="..\..\BearTemplate\BearGraphicsObjectsList.h">
      <Filter>BearTemplate</Filter>
    </ClInclude>
    <ClInclude Include="..\..\BearTemplate\BearGraphicsRemover.h">
      <Filter>BearTemplate</Filter>
    </ClInclude>
    <ClInclude Include="..\..\BearTemplate\BearGraphicsTypeManager.h">
      <Filter>BearTemplate</Filter>
    </ClInclude>
    <ClInclude Include="..\..\BearTemplate\BearFactoryPointer.h">
      <Filter>BearTemplate</Filter>
    </ClInclude>
    <ClInclude Include="..\..\BearTemplate\BearGraphicsCaster.h">
      <Filter>BearTemplate</Filter>
    </ClInclude>
    <ClInclude Include="..\..\BearTemplate\BearGraphicsFactoryOfDefinitionsForRegistration.h">
      <Filter>BearTemplate</Filter>
    </ClInclude>
    <ClInclude Include="..\..\BearUtils\BearContextEventLock.h">
      <Filter>BearUtils</Filter>
    </ClInclude>
    <ClInclude Include="..\..\BearRenderInterface.h" />
    <ClInclude Include="..\..\BearRenderStats.h" />
    <ClInclude Include="..\..\BearGraphics.hpp" />
    <ClInclude Include="..\..\BearGraphicsEnums.h" />
    <ClInclude Include="..\..\BearRenderBase.h" />
    <ClInclude Include="..\..\BearSystem\BearWindow.h">
      <Filter>BearSystem</Filter>
    </ClInclude>
    <ClInclude Include="..\..\BearDescription\BearDispatchRaysDescription.h">
      <Filter>BearDescription</Filter>
    </ClInclude>
    <ClInclude Include="..\..\BearDescription\Base\BearInputLayoutElement.h">
      <Filter>BearDescription\Base</Filter>
    </ClInclude>
    <ClInclude Include="..\..\BearDescription\Base\BearBlendStateDescription.h">
      <Filter>BearDescription\Base</Filter>
    </ClInclude>
    <ClInclude Include="..\..\BearDescription\Base\BearDepthStencilStateDescription.h">
      <Filter>BearDescription\Base</Filter>
    </ClInclude>
    <ClInclude Include="..\..\BearDescription\Base\BearMultisampleStateDescription.h">
      <Filter>BearDescription\Base</Filter>
    </ClInclude>
    <ClInclude Include="..\..\BearDescription\Base\BearRasterizerStateDescription.h">
      <Filter>BearDescription\Base</Filter>
    </ClInclude>
    <ClInclude Include="..\..\BearDescription\RayTracing\BearRayTracingShaderTableDescription.h">
      <Filter>BearDescription\RayTracing</Filter>
    </ClInclude>
    <ClInclude Include="..\..\BearDescription\RayTracing\BearRayTracingTopLevelDescription.h">
      <Filter>BearDescription\RayTracing</Filter>
    </ClInclude>
    <ClInclude Include="..\..\BearDescription\RayTracing\BearPipelineRayTracingDescription.h">
      <Filter>BearDescription\RayTracing</Filter>
    </ClInclude>
    <ClInclude Include="..\..\BearDescription\RayTracing\BearRayTracingBottomLevelDescription.h">
      <Filter>BearDescription\RayTracing</Filter>
    </ClInclude>
  </ItemGroup>
  <ItemGroup>
    <None Include="..\..\LICENSE" />
    <None Include="..\..\.gitattributes" />
    <None Include="..\..\.gitignore" />
  </ItemGroup>
</Project>